
Microsoft Visual Studio Solution File, Format Version 12.00
# Visual Studio 15
VisualStudioVersion = 15.0.26430.6
MinimumVisualStudioVersion = 10.0.40219.1
Project("{FAE04EC0-301F-11D3-BF4B-00C04F79EFBC}") = "tsp_sa", "tsp_sa\tsp_sa.csproj", "{14577E2A-B447-4A3F-B721-FAB0B964A113}"
EndProject
Global
	GlobalSection(SolutionConfigurationPlatforms) = preSolution
		Debug|Any CPU = Debug|Any CPU
		Release|Any CPU = Release|Any CPU
	EndGlobalSection
	GlobalSection(ProjectConfigurationPlatforms) = postSolution
		{14577E2A-B447-4A3F-B721-FAB0B964A113}.Debug|Any CPU.ActiveCfg = Debug|Any CPU
		{14577E2A-B447-4A3F-B721-FAB0B964A113}.Debug|Any CPU.Build.0 = Debug|Any CPU
		{14577E2A-B447-4A3F-B721-FAB0B964A113}.Release|Any CPU.ActiveCfg = Release|Any CPU
		{14577E2A-B447-4A3F-B721-FAB0B964A113}.Release|Any CPU.Build.0 = Release|Any CPU
	EndGlobalSection
	GlobalSection(SolutionProperties) = preSolution
		HideSolutionNode = FALSE
	EndGlobalSection
EndGlobal
